
Microsoft Visual Studio Solution File, Format Version 12.00
# Visual Studio Version 17
VisualStudioVersion = 17.0.31919.166
MinimumVisualStudioVersion = 10.0.40219.1
Project("{FAE04EC0-301F-11D3-BF4B-00C04F79EFBC}") = "ExamplesPatterns", "ExamplesPatterns.csproj", "{C4FDE6AC-E22A-4B31-A7EE-6D7A0C296351}"
EndProject
Global
	GlobalSection(SolutionConfigurationPlatforms) = preSolution
		Debug|Any CPU = Debug|Any CPU
		Release|Any CPU = Release|Any CPU
	EndGlobalSection
	GlobalSection(ProjectConfigurationPlatforms) = postSolution
		{C4FDE6AC-E22A-4B31-A7EE-6D7A0C296351}.Debug|Any CPU.ActiveCfg = Debug|Any CPU
		{C4FDE6AC-E22A-4B31-A7EE-6D7A0C296351}.Debug|Any CPU.Build.0 = Debug|Any CPU
		{C4FDE6AC-E22A-4B31-A7EE-6D7A0C296351}.Release|Any CPU.ActiveCfg = Release|Any CPU
		{C4FDE6AC-E22A-4B31-A7EE-6D7A0C296351}.Release|Any CPU.Build.0 = Release|Any CPU
	EndGlobalSection
	GlobalSection(SolutionProperties) = preSolution
		HideSolutionNode = FALSE
	EndGlobalSection
	GlobalSection(ExtensibilityGlobals) = postSolution
		SolutionGuid = {839641CB-4883-42C1-B18A-EB528D8F8594}
	EndGlobalSection
EndGlobal
